
Microsoft Visual Studio Solution File, Format Version 12.00
# Visual Studio Version 17
VisualStudioVersion = 17.3.32901.215
MinimumVisualStudioVersion = 10.0.40219.1
Project("{8BC9CEB8-8B4A-11D0-8D11-00A0C91BC942}") = "lb6.2_iter", "lb6.2_iter\lb6.2_iter.vcxproj", "{E1634F9D-C629-46C1-8606-304C39FEE32B}"
EndProject
Project("{8BC9CEB8-8B4A-11D0-8D11-00A0C91BC942}") = "UnitTest1", "UnitTest1\UnitTest1.vcxproj", "{8F5ECD87-A6CA-4F5E-8F89-58E2CBA175D1}"
EndProject
Global
	GlobalSection(SolutionConfigurationPlatforms) = preSolution
		Debug|x64 = Debug|x64
		Debug|x86 = Debug|x86
		Release|x64 = Release|x64
		Release|x86 = Release|x86
	EndGlobalSection
	GlobalSection(ProjectConfigurationPlatforms) = postSolution
		{E1634F9D-C629-46C1-8606-304C39FEE32B}.Debug|x64.ActiveCfg = Debug|x64
		{E1634F9D-C629-46C1-8606-304C39FEE32B}.Debug|x64.Build.0 = Debug|x64
		{E1634F9D-C629-46C1-8606-304C39FEE32B}.Debug|x86.ActiveCfg = Debug|Win32
		{E1634F9D-C629-46C1-8606-304C39FEE32B}.Debug|x86.Build.0 = Debug|Win32
		{E1634F9D-C629-46C1-8606-304C39FEE32B}.Release|x64.ActiveCfg = Release|x64
		{E1634F9D-C629-46C1-8606-304C39FEE32B}.Release|x64.Build.0 = Release|x64
		{E1634F9D-C629-46C1-8606-304C39FEE32B}.Release|x86.ActiveCfg = Release|Win32
		{E1634F9D-C629-46C1-8606-304C39FEE32B}.Release|x86.Build.0 = Release|Win32
		{8F5ECD87-A6CA-4F5E-8F89-58E2CBA175D1}.Debug|x64.ActiveCfg = Debug|x64
		{8F5ECD87-A6CA-4F5E-8F89-58E2CBA175D1}.Debug|x64.Build.0 = Debug|x64
		{8F5ECD87-A6CA-4F5E-8F89-58E2CBA175D1}.Debug|x86.ActiveCfg = Debug|Win32
		{8F5ECD87-A6CA-4F5E-8F89-58E2CBA175D1}.Debug|x86.Build.0 = Debug|Win32
		{8F5ECD87-A6CA-4F5E-8F89-58E2CBA175D1}.Release|x64.ActiveCfg = Release|x64
		{8F5ECD87-A6CA-4F5E-8F89-58E2CBA175D1}.Release|x64.Build.0 = Release|x64
		{8F5ECD87-A6CA-4F5E-8F89-58E2CBA175D1}.Release|x86.ActiveCfg = Release|Win32
		{8F5ECD87-A6CA-4F5E-8F89-58E2CBA175D1}.Release|x86.Build.0 = Release|Win32
	EndGlobalSection
	GlobalSection(SolutionProperties) = preSolution
		HideSolutionNode = FALSE
	EndGlobalSection
	GlobalSection(ExtensibilityGlobals) = postSolution
		SolutionGuid = {C78F7684-C6B9-4AD6-BE31-9AFA9BD8EAE8}
	EndGlobalSection
EndGlobal
